
Microsoft Visual Studio Solution File, Format Version 12.00
# Visual Studio Version 16
VisualStudioVersion = 16.0.30204.135
MinimumVisualStudioVersion = 10.0.40219.1
Project("{FAE04EC0-301F-11D3-BF4B-00C04F79EFBC}") = "OTS.DataLayer", "OTS.DataLayer\OTS.DataLayer.csproj", "{A610FEEF-C70D-46DA-AD1D-1F4EDCF7CF48}"
EndProject
Project("{FAE04EC0-301F-11D3-BF4B-00C04F79EFBC}") = "OTS.Administration", "OTS.Administration\OTS.Administration.csproj", "{4C7EDAAA-40E4-433D-8CC0-5D12EFA28ED5}"
EndProject
Global
	GlobalSection(SolutionConfigurationPlatforms) = preSolution
		Debug|Any CPU = Debug|Any CPU
		Release|Any CPU = Release|Any CPU
	EndGlobalSection
	GlobalSection(ProjectConfigurationPlatforms) = postSolution
		{A610FEEF-C70D-46DA-AD1D-1F4EDCF7CF48}.Debug|Any CPU.ActiveCfg = Debug|Any CPU
		{A610FEEF-C70D-46DA-AD1D-1F4EDCF7CF48}.Debug|Any CPU.Build.0 = Debug|Any CPU
		{A610FEEF-C70D-46DA-AD1D-1F4EDCF7CF48}.Release|Any CPU.ActiveCfg = Release|Any CPU
		{A610FEEF-C70D-46DA-AD1D-1F4EDCF7CF48}.Release|Any CPU.Build.0 = Release|Any CPU
		{4C7EDAAA-40E4-433D-8CC0-5D12EFA28ED5}.Debug|Any CPU.ActiveCfg = Debug|Any CPU
		{4C7EDAAA-40E4-433D-8CC0-5D12EFA28ED5}.Debug|Any CPU.Build.0 = Debug|Any CPU
		{4C7EDAAA-40E4-433D-8CC0-5D12EFA28ED5}.Release|Any CPU.ActiveCfg = Release|Any CPU
		{4C7EDAAA-40E4-433D-8CC0-5D12EFA28ED5}.Release|Any CPU.Build.0 = Release|Any CPU
	EndGlobalSection
	GlobalSection(SolutionProperties) = preSolution
		HideSolutionNode = FALSE
	EndGlobalSection
	GlobalSection(ExtensibilityGlobals) = postSolution
		SolutionGuid = {53A98E99-DB2B-404D-8172-DF5247A3C5BE}
	EndGlobalSection
EndGlobal
